
Microsoft Visual Studio Solution File, Format Version 12.00
# Visual Studio Version 17
VisualStudioVersion = 17.4.33213.308
MinimumVisualStudioVersion = 10.0.40219.1
Project("{FAE04EC0-301F-11D3-BF4B-00C04F79EFBC}") = "NetCorePocAzureAd", "NetCorePocAzureAd.csproj", "{5A8D85AE-D846-4B7B-868A-B8F0E8F8414A}"
EndProject
Global
	GlobalSection(SolutionConfigurationPlatforms) = preSolution
		Debug|Any CPU = Debug|Any CPU
		Release|Any CPU = Release|Any CPU
	EndGlobalSection
	GlobalSection(ProjectConfigurationPlatforms) = postSolution
		{5A8D85AE-D846-4B7B-868A-B8F0E8F8414A}.Debug|Any CPU.ActiveCfg = Debug|Any CPU
		{5A8D85AE-D846-4B7B-868A-B8F0E8F8414A}.Debug|Any CPU.Build.0 = Debug|Any CPU
		{5A8D85AE-D846-4B7B-868A-B8F0E8F8414A}.Release|Any CPU.ActiveCfg = Release|Any CPU
		{5A8D85AE-D846-4B7B-868A-B8F0E8F8414A}.Release|Any CPU.Build.0 = Release|Any CPU
	EndGlobalSection
	GlobalSection(SolutionProperties) = preSolution
		HideSolutionNode = FALSE
	EndGlobalSection
	GlobalSection(ExtensibilityGlobals) = postSolution
		SolutionGuid = {581B68E4-96A1-496A-8072-FAC8BF58D07C}
	EndGlobalSection
EndGlobal
